<Solution>
  <Folder Name="/src/">
    <Project Path="src/SixJars.Api/SixJars.Api.csproj" />
    <Project Path="src/SixJars.Application/SixJars.Application.csproj" />
    <Project Path="src/SixJars.Cli/SixJars.Cli.csproj" />
    <Project Path="src/SixJars.Domain/SixJars.Domain.csproj" />
    <Project Path="src/SixJars.Infrastructure/SixJars.Infrastructure.csproj" />
  </Folder>
  <Folder Name="/tests/">
    <Project Path="tests/SixJars.AcceptanceTests/SixJars.AcceptanceTests.csproj" />
    <Project Path="tests/SixJars.Api.Tests/SixJars.Api.Tests.csproj" />
    <Project Path="tests/SixJars.Application.Tests/SixJars.Application.Tests.csproj" />
    <Project Path="tests/SixJars.Cli.Tests/SixJars.Cli.Tests.csproj" />
    <Project Path="tests/SixJars.Domain.Tests/SixJars.Domain.Tests.csproj" />
    <Project Path="tests/SixJars.Infrastructure.Tests/SixJars.Infrastructure.Tests.csproj" />
  </Folder>
</Solution>
